
Microsoft Visual Studio Solution File, Format Version 12.00
# Visual Studio Version 17
VisualStudioVersion = 17.0.31912.275
MinimumVisualStudioVersion = 10.0.40219.1
Project("{FAE04EC0-301F-11D3-BF4B-00C04F79EFBC}") = "Bice_Bob_Unit1_Project2", "Bice_Bob_Unit1_Project2\Bice_Bob_Unit1_Project2.csproj", "{B2DFF56F-30C5-4CD7-862E-76F42F521180}"
EndProject
Global
	GlobalSection(SolutionConfigurationPlatforms) = preSolution
		Debug|Any CPU = Debug|Any CPU
		Release|Any CPU = Release|Any CPU
	EndGlobalSection
	GlobalSection(ProjectConfigurationPlatforms) = postSolution
		{B2DFF56F-30C5-4CD7-862E-76F42F521180}.Debug|Any CPU.ActiveCfg = Debug|Any CPU
		{B2DFF56F-30C5-4CD7-862E-76F42F521180}.Debug|Any CPU.Build.0 = Debug|Any CPU
		{B2DFF56F-30C5-4CD7-862E-76F42F521180}.Release|Any CPU.ActiveCfg = Release|Any CPU
		{B2DFF56F-30C5-4CD7-862E-76F42F521180}.Release|Any CPU.Build.0 = Release|Any CPU
	EndGlobalSection
	GlobalSection(SolutionProperties) = preSolution
		HideSolutionNode = FALSE
	EndGlobalSection
	GlobalSection(ExtensibilityGlobals) = postSolution
		SolutionGuid = {B53EC4A6-5C36-4858-B9F6-DAB91D488740}
	EndGlobalSection
EndGlobal
